
Microsoft Visual Studio Solution File, Format Version 12.00
# Visual Studio 2013
VisualStudioVersion = 12.0.31101.0
MinimumVisualStudioVersion = 10.0.40219.1
Project("{FAE04EC0-301F-11D3-BF4B-00C04F79EFBC}") = "OOPRPG", "OOPRPG\OOPRPG.csproj", "{018FB429-9918-4907-8B59-6AFDE9D04F5D}"
EndProject
Global
	GlobalSection(TeamFoundationVersionControl) = preSolution
		SccNumberOfProjects = 2
		SccEnterpriseProvider = {4CA58AB2-18FA-4F8D-95D4-32DDF27D184C}
		SccTeamFoundationServer = https://timgo.visualstudio.com/defaultcollection
		SccLocalPath0 = .
		SccProjectUniqueName1 = OOPRPG\\OOPRPG.csproj
		SccProjectName1 = OOPRPG
		SccLocalPath1 = OOPRPG
	EndGlobalSection
	GlobalSection(SolutionConfigurationPlatforms) = preSolution
		Debug|Any CPU = Debug|Any CPU
		Release|Any CPU = Release|Any CPU
	EndGlobalSection
	GlobalSection(ProjectConfigurationPlatforms) = postSolution
		{018FB429-9918-4907-8B59-6AFDE9D04F5D}.Debug|Any CPU.ActiveCfg = Debug|Any CPU
		{018FB429-9918-4907-8B59-6AFDE9D04F5D}.Debug|Any CPU.Build.0 = Debug|Any CPU
		{018FB429-9918-4907-8B59-6AFDE9D04F5D}.Release|Any CPU.ActiveCfg = Release|Any CPU
		{018FB429-9918-4907-8B59-6AFDE9D04F5D}.Release|Any CPU.Build.0 = Release|Any CPU
	EndGlobalSection
	GlobalSection(SolutionProperties) = preSolution
		HideSolutionNode = FALSE
	EndGlobalSection
EndGlobal
